{
    "name": "hornby-panthers-calendar-generator",
    "version": "1.0.0",
    "lockfileVersion": 3,
    "requires": true,
    "packages": {
        "": {
            "name": "hornby-panthers-calendar-generator",
            "version": "1.0.0",
            "dependencies": {
                "undici": "^7.9.0"
            }
        },
        "node_modules/undici": {
            "version": "7.9.0",
            "license": "MIT",
            "engines": {
                "node": ">=20.18.1"
            }
        }
    }
}
